github.com/tohisroilov/bank v0.0.0-20200928181738-a50470900e32 h1:WC3CuU0uP25yeRqUKRPL26wA/ce/ztUZhFTlpwW/3J4=
github.com/tohisroilov/bank v0.0.0-20200928181738-a50470900e32/go.mod h1:N8TpCsd53bvN28SdP5XUM7d7MocPFsvz3LgUkrwS6T8=
github.com/tohisroilov/bank/v2 v2.0.0 h1:XEdxOHEl0XljWhUzCzTZJp02uDu3LuW8w/Wctd3lV1Y=
github.com/tohisroilov/bank/v2 v2.0.0/go.mod h1:csbrigvAxYS+Xzgn2qcdEbdwIgcvpYRNn5zb5hYfpeE=
github.com/tohisroilov/stats v1.0.0 h1:9vSaspgH/60mNpbUT96/k5cArjCn+j42zoUEVBMhllI=
github.com/tohisroilov/stats v1.0.0/go.mod h1:I/WJRl1toNcR6j1HYZyIH0BYPT7R2rpb6BSNR98CMh0=
